
Microsoft Visual Studio Solution File, Format Version 12.00
# Visual Studio Version 17
VisualStudioVersion = 17.11.35327.3
MinimumVisualStudioVersion = 10.0.40219.1
Project("{8BC9CEB8-8B4A-11D0-8D11-00A0C91BC942}") = "scscd", "scscd\scscd.vcxproj", "{547171CB-F934-40B9-B788-3C520FE66363}"
EndProject
Project("{FAE04EC0-301F-11D3-BF4B-00C04F79EFBC}") = "scscd-gui", "scscd-gui\scscd-gui.csproj", "{57247239-99AA-30F8-43E4-847AC107B2C6}"
EndProject
Global
	GlobalSection(SolutionConfigurationPlatforms) = preSolution
		Debug-NG|x64 = Debug-NG|x64
		Release-NG|x64 = Release-NG|x64
		Release-OG|x64 = Release-OG|x64
	EndGlobalSection
	GlobalSection(ProjectConfigurationPlatforms) = postSolution
		{547171CB-F934-40B9-B788-3C520FE66363}.Debug-NG|x64.ActiveCfg = Debug-NG|x64
		{547171CB-F934-40B9-B788-3C520FE66363}.Debug-NG|x64.Build.0 = Debug-NG|x64
		{547171CB-F934-40B9-B788-3C520FE66363}.Release-NG|x64.ActiveCfg = Release-NG|x64
		{547171CB-F934-40B9-B788-3C520FE66363}.Release-NG|x64.Build.0 = Release-NG|x64
		{547171CB-F934-40B9-B788-3C520FE66363}.Release-OG|x64.ActiveCfg = Release-OG|x64
		{547171CB-F934-40B9-B788-3C520FE66363}.Release-OG|x64.Build.0 = Release-OG|x64
		{57247239-99AA-30F8-43E4-847AC107B2C6}.Debug-NG|x64.ActiveCfg = Debug|x64
		{57247239-99AA-30F8-43E4-847AC107B2C6}.Debug-NG|x64.Build.0 = Debug|x64
		{57247239-99AA-30F8-43E4-847AC107B2C6}.Release-NG|x64.ActiveCfg = Release|x64
		{57247239-99AA-30F8-43E4-847AC107B2C6}.Release-NG|x64.Build.0 = Release|x64
		{57247239-99AA-30F8-43E4-847AC107B2C6}.Release-OG|x64.ActiveCfg = Release|x64
		{57247239-99AA-30F8-43E4-847AC107B2C6}.Release-OG|x64.Build.0 = Release|x64
	EndGlobalSection
	GlobalSection(SolutionProperties) = preSolution
		HideSolutionNode = FALSE
	EndGlobalSection
	GlobalSection(ExtensibilityGlobals) = postSolution
		SolutionGuid = {80407673-21F7-4C6C-98FF-55F042E4D05C}
	EndGlobalSection
EndGlobal
